// !$*UTF8*$!
{
	archiveVersion = 1;
	classes = {
	};
	objectVersion = 56;
	objects = {

/* Begin PBXBuildFile section */
		2DECDE36294AE8AC0055DDDC /* AppDelegate.swift in Sources */ = {isa = PBXBuildFile; fileRef = 2DECDE35294AE8AC0055DDDC /* AppDelegate.swift */; };
		2DECDE38294AE8AC0055DDDC /* SceneDelegate.swift in Sources */ = {isa = PBXBuildFile; fileRef = 2DECDE37294AE8AC0055DDDC /* SceneDelegate.swift */; };
		2DECDE3A294AE8AC0055DDDC /* ViewController.swift in Sources */ = {isa = PBXBuildFile; fileRef = 2DECDE39294AE8AC0055DDDC /* ViewController.swift */; };
		2DECDE3D294AE8AC0055DDDC /* Main.storyboard in Resources */ = {isa = PBXBuildFile; fileRef = 2DECDE3B294AE8AC0055DDDC /* Main.storyboard */; };
		2DECDE3F294AE8AD0055DDDC /* Assets.xcassets in Resources */ = {isa = PBXBuildFile; fileRef = 2DECDE3E294AE8AD0055DDDC /* Assets.xcassets */; };
		2DECDE42294AE8AD0055DDDC /* LaunchScreen.storyboard in Resources */ = {isa = PBXBuildFile; fileRef = 2DECDE40294AE8AD0055DDDC /* LaunchScreen.storyboard */; };
		2DECDE4D294AE8AD0055DDDC /* fantasize_iosTests.swift in Sources */ = {isa = PBXBuildFile; fileRef = 2DECDE4C294AE8AD0055DDDC /* fantasize_iosTests.swift */; };
		2DECDE57294AE8AD0055DDDC /* fantasize_iosUITests.swift in Sources */ = {isa = PBXBuildFile; fileRef = 2DECDE56294AE8AD0055DDDC /* fantasize_iosUITests.swift */; };
		2DECDE59294AE8AD0055DDDC /* fantasize_iosUITestsLaunchTests.swift in Sources */ = {isa = PBXBuildFile; fileRef = 2DECDE58294AE8AD0055DDDC /* fantasize_iosUITestsLaunchTests.swift */; };
/* End PBXBuildFile section */

/* Begin PBXContainerItemProxy section */
		2DECDE49294AE8AD0055DDDC /* PBXContainerItemProxy */ = {
			isa = PBXContainerItemProxy;
			containerPortal = 2DECDE2A294AE8AC0055DDDC /* Project object */;
			proxyType = 1;
			remoteGlobalIDString = 2DECDE31294AE8AC0055DDDC;
			remoteInfo = "fantasize-ios";
		};
		2DECDE53294AE8AD0055DDDC /* PBXContainerItemProxy */ = {
			isa = PBXContainerItemProxy;
			containerPortal = 2DECDE2A294AE8AC0055DDDC /* Project object */;
			proxyType = 1;
			remoteGlobalIDString = 2DECDE31294AE8AC0055DDDC;
			remoteInfo = "fantasize-ios";
		};
/* End PBXContainerItemProxy section */

/* Begin PBXFileReference section */
		2DECDE32294AE8AC0055DDDC /* fantasize-ios.app */ = {isa = PBXFileReference; explicitFileType = wrapper.application; includeInIndex = 0; path = "fantasize-ios.app"; sourceTree = BUILT_PRODUCTS_DIR; };
		2DECDE35294AE8AC0055DDDC /* AppDelegate.swift */ = {isa = PBXFileReference; lastKnownFileType = sourcecode.swift; path = AppDelegate.swift; sourceTree = "<group>"; };
		2DECDE37294AE8AC0055DDDC /* SceneDelegate.swift */ = {isa = PBXFileReference; lastKnownFileType = sourcecode.swift; path = SceneDelegate.swift; sourceTree = "<group>"; };
		2DECDE39294AE8AC0055DDDC /* ViewController.swift */ = {isa = PBXFileReference; lastKnownFileType = sourcecode.swift; path = ViewController.swift; sourceTree = "<group>"; };
		2DECDE3C294AE8AC0055DDDC /* Base */ = {isa = PBXFileReference; lastKnownFileType = file.storyboard; name = Base; path = Base.lproj/Main.storyboard; sourceTree = "<group>"; };
		2DECDE3E294AE8AD0055DDDC /* Assets.xcassets */ = {isa = PBXFileReference; lastKnownFileType = folder.assetcatalog; path = Assets.xcassets; sourceTree = "<group>"; };
		2DECDE41294AE8AD0055DDDC /* Base */ = {isa = PBXFileReference; lastKnownFileType = file.storyboard; name = Base; path = Base.lproj/LaunchScreen.storyboard; sourceTree = "<group>"; };
		2DECDE43294AE8AD0055DDDC /* Info.plist */ = {isa = PBXFileReference; lastKnownFileType = text.plist.xml; path = Info.plist; sourceTree = "<group>"; };
		2DECDE48294AE8AD0055DDDC /* fantasize-iosTests.xctest */ = {isa = PBXFileReference; explicitFileType = wrapper.cfbundle; includeInIndex = 0; path = "fantasize-iosTests.xctest"; sourceTree = BUILT_PRODUCTS_DIR; };
		2DECDE4C294AE8AD0055DDDC /* fantasize_iosTests.swift */ = {isa = PBXFileReference; lastKnownFileType = sourcecode.swift; path = fantasize_iosTests.swift; sourceTree = "<group>"; };
		2DECDE52294AE8AD0055DDDC /* fantasize-iosUITests.xctest */ = {isa = PBXFileReference; explicitFileType = wrapper.cfbundle; includeInIndex = 0; path = "fantasize-iosUITests.xctest"; sourceTree = BUILT_PRODUCTS_DIR; };
		2DECDE56294AE8AD0055DDDC /* fantasize_iosUITests.swift */ = {isa = PBXFileReference; lastKnownFileType = sourcecode.swift; path = fantasize_iosUITests.swift; sourceTree = "<group>"; };
		2DECDE58294AE8AD0055DDDC /* fantasize_iosUITestsLaunchTests.swift */ = {isa = PBXFileReference; lastKnownFileType = sourcecode.swift; path = fantasize_iosUITestsLaunchTests.swift; sourceTree = "<group>"; };
/* End PBXFileReference section */

/* Begin PBXFrameworksBuildPhase section */
		2DECDE2F294AE8AC0055DDDC /* Frameworks */ = {
			isa = PBXFrameworksBuildPhase;
			buildActionMask = 2147483647;
			files = (
			);
			runOnlyForDeploymentPostprocessing = 0;
		};
		2DECDE45294AE8AD0055DDDC /* Frameworks */ = {
			isa = PBXFrameworksBuildPhase;
			buildActionMask = 2147483647;
			files = (
			);
			runOnlyForDeploymentPostprocessing = 0;
		};
		2DECDE4F294AE8AD0055DDDC /* Frameworks */ = {
			isa = PBXFrameworksBuildPhase;
			buildActionMask = 2147483647;
			files = (
			);
			runOnlyForDeploymentPostprocessing = 0;
		};
/* End PBXFrameworksBuildPhase section */

/* Begin PBXGroup section */
		2DECDE29294AE8AC0055DDDC = {
			isa = PBXGroup;
			children = (
				2DECDE34294AE8AC0055DDDC /* fantasize-ios */,
				2DECDE4B294AE8AD0055DDDC /* fantasize-iosTests */,
				2DECDE55294AE8AD0055DDDC /* fantasize-iosUITests */,
				2DECDE33294AE8AC0055DDDC /* Products */,
			);
			sourceTree = "<group>";
		};
		2DECDE33294AE8AC0055DDDC /* Products */ = {
			isa = PBXGroup;
			children = (
				2DECDE32294AE8AC0055DDDC /* fantasize-ios.app */,
				2DECDE48294AE8AD0055DDDC /* fantasize-iosTests.xctest */,
				2DECDE52294AE8AD0055DDDC /* fantasize-iosUITests.xctest */,
			);
			name = Products;
			sourceTree = "<group>";
		};
		2DECDE34294AE8AC0055DDDC /* fantasize-ios */ = {
			isa = PBXGroup;
			children = (
				2DECDE35294AE8AC0055DDDC /* AppDelegate.swift */,
				2DECDE37294AE8AC0055DDDC /* SceneDelegate.swift */,
				2DECDE39294AE8AC0055DDDC /* ViewController.swift */,
				2DECDE3B294AE8AC0055DDDC /* Main.storyboard */,
				2DECDE3E294AE8AD0055DDDC /* Assets.xcassets */,
				2DECDE40294AE8AD0055DDDC /* LaunchScreen.storyboard */,
				2DECDE43294AE8AD0055DDDC /* Info.plist */,
			);
			path = "fantasize-ios";
			sourceTree = "<group>";
		};
		2DECDE4B294AE8AD0055DDDC /* fantasize-iosTests */ = {
			isa = PBXGroup;
			children = (
				2DECDE4C294AE8AD0055DDDC /* fantasize_iosTests.swift */,
			);
			path = "fantasize-iosTests";
			sourceTree = "<group>";
		};
		2DECDE55294AE8AD0055DDDC /* fantasize-iosUITests */ = {
			isa = PBXGroup;
			children = (
				2DECDE56294AE8AD0055DDDC /* fantasize_iosUITests.swift */,
				2DECDE58294AE8AD0055DDDC /* fantasize_iosUITestsLaunchTests.swift */,
			);
			path = "fantasize-iosUITests";
			sourceTree = "<group>";
		};
/* End PBXGroup section */

/* Begin PBXNativeTarget section */
		2DECDE31294AE8AC0055DDDC /* fantasize-ios */ = {
			isa = PBXNativeTarget;
			buildConfigurationList = 2DECDE5C294AE8AD0055DDDC /* Build configuration list for PBXNativeTarget "fantasize-ios" */;
			buildPhases = (
				2DECDE2E294AE8AC0055DDDC /* Sources */,
				2DECDE2F294AE8AC0055DDDC /* Frameworks */,
				2DECDE30294AE8AC0055DDDC /* Resources */,
			);
			buildRules = (
			);
			dependencies = (
			);
			name = "fantasize-ios";
			productName = "fantasize-ios";
			productReference = 2DECDE32294AE8AC0055DDDC /* fantasize-ios.app */;
			productType = "com.apple.product-type.application";
		};
		2DECDE47294AE8AD0055DDDC /* fantasize-iosTests */ = {
			isa = PBXNativeTarget;
			buildConfigurationList = 2DECDE5F294AE8AD0055DDDC /* Build configuration list for PBXNativeTarget "fantasize-iosTests" */;
			buildPhases = (
				2DECDE44294AE8AD0055DDDC /* Sources */,
				2DECDE45294AE8AD0055DDDC /* Frameworks */,
				2DECDE46294AE8AD0055DDDC /* Resources */,
			);
			buildRules = (
			);
			dependencies = (
				2DECDE4A294AE8AD0055DDDC /* PBXTargetDependency */,
			);
			name = "fantasize-iosTests";
			productName = "fantasize-iosTests";
			productReference = 2DECDE48294AE8AD0055DDDC /* fantasize-iosTests.xctest */;
			productType = "com.apple.product-type.bundle.unit-test";
		};
		2DECDE51294AE8AD0055DDDC /* fantasize-iosUITests */ = {
			isa = PBXNativeTarget;
			buildConfigurationList = 2DECDE62294AE8AD0055DDDC /* Build configuration list for PBXNativeTarget "fantasize-iosUITests" */;
			buildPhases = (
				2DECDE4E294AE8AD0055DDDC /* Sources */,
				2DECDE4F294AE8AD0055DDDC /* Frameworks */,
				2DECDE50294AE8AD0055DDDC /* Resources */,
			);
			buildRules = (
			);
			dependencies = (
				2DECDE54294AE8AD0055DDDC /* PBXTargetDependency */,
			);
			name = "fantasize-iosUITests";
			productName = "fantasize-iosUITests";
			productReference = 2DECDE52294AE8AD0055DDDC /* fantasize-iosUITests.xctest */;
			productType = "com.apple.product-type.bundle.ui-testing";
		};
/* End PBXNativeTarget section */

/* Begin PBXProject section */
		2DECDE2A294AE8AC0055DDDC /* Project object */ = {
			isa = PBXProject;
			attributes = {
				BuildIndependentTargetsInParallel = 1;
				LastSwiftUpdateCheck = 1400;
				LastUpgradeCheck = 1400;
				TargetAttributes = {
					2DECDE31294AE8AC0055DDDC = {
						CreatedOnToolsVersion = 14.0.1;
					};
					2DECDE47294AE8AD0055DDDC = {
						CreatedOnToolsVersion = 14.0.1;
						TestTargetID = 2DECDE31294AE8AC0055DDDC;
					};
					2DECDE51294AE8AD0055DDDC = {
						CreatedOnToolsVersion = 14.0.1;
						TestTargetID = 2DECDE31294AE8AC0055DDDC;
					};
				};
			};
			buildConfigurationList = 2DECDE2D294AE8AC0055DDDC /* Build configuration list for PBXProject "fantasize-ios" */;
			compatibilityVersion = "Xcode 14.0";
			developmentRegion = en;
			hasScannedForEncodings = 0;
			knownRegions = (
				en,
				Base,
			);
			mainGroup = 2DECDE29294AE8AC0055DDDC;
			productRefGroup = 2DECDE33294AE8AC0055DDDC /* Products */;
			projectDirPath = "";
			projectRoot = "";
			targets = (
				2DECDE31294AE8AC0055DDDC /* fantasize-ios */,
				2DECDE47294AE8AD0055DDDC /* fantasize-iosTests */,
				2DECDE51294AE8AD0055DDDC /* fantasize-iosUITests */,
			);
		};
/* End PBXProject section */

/* Begin PBXResourcesBuildPhase section */
		2DECDE30294AE8AC0055DDDC /* Resources */ = {
			isa = PBXResourcesBuildPhase;
			buildActionMask = 2147483647;
			files = (
				2DECDE42294AE8AD0055DDDC /* LaunchScreen.storyboard in Resources */,
				2DECDE3F294AE8AD0055DDDC /* Assets.xcassets in Resources */,
				2DECDE3D294AE8AC0055DDDC /* Main.storyboard in Resources */,
			);
			runOnlyForDeploymentPostprocessing = 0;
		};
		2DECDE46294AE8AD0055DDDC /* Resources */ = {
			isa = PBXResourcesBuildPhase;
			buildActionMask = 2147483647;
			files = (
			);
			runOnlyForDeploymentPostprocessing = 0;
		};
		2DECDE50294AE8AD0055DDDC /* Resources */ = {
			isa = PBXResourcesBuildPhase;
			buildActionMask = 2147483647;
			files = (
			);
			runOnlyForDeploymentPostprocessing = 0;
		};
/* End PBXResourcesBuildPhase section */

/* Begin PBXSourcesBuildPhase section */
		2DECDE2E294AE8AC0055DDDC /* Sources */ = {
			isa = PBXSourcesBuildPhase;
			buildActionMask = 2147483647;
			files = (
				2DECDE3A294AE8AC0055DDDC /* ViewController.swift in Sources */,
				2DECDE36294AE8AC0055DDDC /* AppDelegate.swift in Sources */,
				2DECDE38294AE8AC0055DDDC /* SceneDelegate.swift in Sources */,
			);
			runOnlyForDeploymentPostprocessing = 0;
		};
		2DECDE44294AE8AD0055DDDC /* Sources */ = {
			isa = PBXSourcesBuildPhase;
			buildActionMask = 2147483647;
			files = (
				2DECDE4D294AE8AD0055DDDC /* fantasize_iosTests.swift in Sources */,
			);
			runOnlyForDeploymentPostprocessing = 0;
		};
		2DECDE4E294AE8AD0055DDDC /* Sources */ = {
			isa = PBXSourcesBuildPhase;
			buildActionMask = 2147483647;
			files = (
				2DECDE59294AE8AD0055DDDC /* fantasize_iosUITestsLaunchTests.swift in Sources */,
				2DECDE57294AE8AD0055DDDC /* fantasize_iosUITests.swift in Sources */,
			);
			runOnlyForDeploymentPostprocessing = 0;
		};
/* End PBXSourcesBuildPhase section */

/* Begin PBXTargetDependency section */
		2DECDE4A294AE8AD0055DDDC /* PBXTargetDependency */ = {
			isa = PBXTargetDependency;
			target = 2DECDE31294AE8AC0055DDDC /* fantasize-ios */;
			targetProxy = 2DECDE49294AE8AD0055DDDC /* PBXContainerItemProxy */;
		};
		2DECDE54294AE8AD0055DDDC /* PBXTargetDependency */ = {
			isa = PBXTargetDependency;
			target = 2DECDE31294AE8AC0055DDDC /* fantasize-ios */;
			targetProxy = 2DECDE53294AE8AD0055DDDC /* PBXContainerItemProxy */;
		};
/* End PBXTargetDependency section */

/* Begin PBXVariantGroup section */
		2DECDE3B294AE8AC0055DDDC /* Main.storyboard */ = {
			isa = PBXVariantGroup;
			children = (
				2DECDE3C294AE8AC0055DDDC /* Base */,
			);
			name = Main.storyboard;
			sourceTree = "<group>";
		};
		2DECDE40294AE8AD0055DDDC /* LaunchScreen.storyboard */ = {
			isa = PBXVariantGroup;
			children = (
				2DECDE41294AE8AD0055DDDC /* Base */,
			);
			name = LaunchScreen.storyboard;
			sourceTree = "<group>";
		};
/* End PBXVariantGroup section */

/* Begin XCBuildConfiguration section */
		2DECDE5A294AE8AD0055DDDC /* Debug */ = {
			isa = XCBuildConfiguration;
			buildSettings = {
				ALWAYS_SEARCH_USER_PATHS = NO;
				CLANG_ANALYZER_NONNULL = YES;
				CLANG_ANALYZER_NUMBER_OBJECT_CONVERSION = YES_AGGRESSIVE;
				CLANG_CXX_LANGUAGE_STANDARD = "gnu++20";
				CLANG_ENABLE_MODULES = YES;
				CLANG_ENABLE_OBJC_ARC = YES;
				CLANG_ENABLE_OBJC_WEAK = YES;
				CLANG_WARN_BLOCK_CAPTURE_AUTORELEASING = YES;
				CLANG_WARN_BOOL_CONVERSION = YES;
				CLANG_WARN_COMMA = YES;
				CLANG_WARN_CONSTANT_CONVERSION = YES;
				CLANG_WARN_DEPRECATED_OBJC_IMPLEMENTATIONS = YES;
				CLANG_WARN_DIRECT_OBJC_ISA_USAGE = YES_ERROR;
				CLANG_WARN_DOCUMENTATION_COMMENTS = YES;
				CLANG_WARN_EMPTY_BODY = YES;
				CLANG_WARN_ENUM_CONVERSION = YES;
				CLANG_WARN_INFINITE_RECURSION = YES;
				CLANG_WARN_INT_CONVERSION = YES;
				CLANG_WARN_NON_LITERAL_NULL_CONVERSION = YES;
				CLANG_WARN_OBJC_IMPLICIT_RETAIN_SELF = YES;
				CLANG_WARN_OBJC_LITERAL_CONVERSION = YES;
				CLANG_WARN_OBJC_ROOT_CLASS = YES_ERROR;
				CLANG_WARN_QUOTED_INCLUDE_IN_FRAMEWORK_HEADER = YES;
				CLANG_WARN_RANGE_LOOP_ANALYSIS = YES;
				CLANG_WARN_STRICT_PROTOTYPES = YES;
				CLANG_WARN_SUSPICIOUS_MOVE = YES;
				CLANG_WARN_UNGUARDED_AVAILABILITY = YES_AGGRESSIVE;
				CLANG_WARN_UNREACHABLE_CODE = YES;
				CLANG_WARN__DUPLICATE_METHOD_MATCH = YES;
				COPY_PHASE_STRIP = NO;
				DEBUG_INFORMATION_FORMAT = dwarf;
				ENABLE_STRICT_OBJC_MSGSEND = YES;
				ENABLE_TESTABILITY = YES;
				GCC_C_LANGUAGE_STANDARD = gnu11;
				GCC_DYNAMIC_NO_PIC = NO;
				GCC_NO_COMMON_BLOCKS = YES;
				GCC_OPTIMIZATION_LEVEL = 0;
				GCC_PREPROCESSOR_DEFINITIONS = (
					"DEBUG=1",
					"$(inherited)",
				);
				GCC_WARN_64_TO_32_BIT_CONVERSION = YES;
				GCC_WARN_ABOUT_RETURN_TYPE = YES_ERROR;
				GCC_WARN_UNDECLARED_SELECTOR = YES;
				GCC_WARN_UNINITIALIZED_AUTOS = YES_AGGRESSIVE;
				GCC_WARN_UNUSED_FUNCTION = YES;
				GCC_WARN_UNUSED_VARIABLE = YES;
				IPHONEOS_DEPLOYMENT_TARGET = 16.0;
				MTL_ENABLE_DEBUG_INFO = INCLUDE_SOURCE;
				MTL_FAST_MATH = YES;
				ONLY_ACTIVE_ARCH = YES;
				SDKROOT = iphoneos;
				SWIFT_ACTIVE_COMPILATION_CONDITIONS = DEBUG;
				SWIFT_OPTIMIZATION_LEVEL = "-Onone";
			};
			name = Debug;
		};
		2DECDE5B294AE8AD0055DDDC /* Release */ = {
			isa = XCBuildConfiguration;
			buildSettings = {
				ALWAYS_SEARCH_USER_PATHS = NO;
				CLANG_ANALYZER_NONNULL = YES;
				CLANG_ANALYZER_NUMBER_OBJECT_CONVERSION = YES_AGGRESSIVE;
				CLANG_CXX_LANGUAGE_STANDARD = "gnu++20";
				CLANG_ENABLE_MODULES = YES;
				CLANG_ENABLE_OBJC_ARC = YES;
				CLANG_ENABLE_OBJC_WEAK = YES;
				CLANG_WARN_BLOCK_CAPTURE_AUTORELEASING = YES;
				CLANG_WARN_BOOL_CONVERSION = YES;
				CLANG_WARN_COMMA = YES;
				CLANG_WARN_CONSTANT_CONVERSION = YES;
				CLANG_WARN_DEPRECATED_OBJC_IMPLEMENTATIONS = YES;
				CLANG_WARN_DIRECT_OBJC_ISA_USAGE = YES_ERROR;
				CLANG_WARN_DOCUMENTATION_COMMENTS = YES;
				CLANG_WARN_EMPTY_BODY = YES;
				CLANG_WARN_ENUM_CONVERSION = YES;
				CLANG_WARN_INFINITE_RECURSION = YES;
				CLANG_WARN_INT_CONVERSION = YES;
				CLANG_WARN_NON_LITERAL_NULL_CONVERSION = YES;
				CLANG_WARN_OBJC_IMPLICIT_RETAIN_SELF = YES;
				CLANG_WARN_OBJC_LITERAL_CONVERSION = YES;
				CLANG_WARN_OBJC_ROOT_CLASS = YES_ERROR;
				CLANG_WARN_QUOTED_INCLUDE_IN_FRAMEWORK_HEADER = YES;
				CLANG_WARN_RANGE_LOOP_ANALYSIS = YES;
				CLANG_WARN_STRICT_PROTOTYPES = YES;
				CLANG_WARN_SUSPICIOUS_MOVE = YES;
				CLANG_WARN_UNGUARDED_AVAILABILITY = YES_AGGRESSIVE;
				CLANG_WARN_UNREACHABLE_CODE = YES;
				CLANG_WARN__DUPLICATE_METHOD_MATCH = YES;
				COPY_PHASE_STRIP = NO;
				DEBUG_INFORMATION_FORMAT = "dwarf-with-dsym";
				ENABLE_NS_ASSERTIONS = NO;
				ENABLE_STRICT_OBJC_MSGSEND = YES;
				GCC_C_LANGUAGE_STANDARD = gnu11;
				GCC_NO_COMMON_BLOCKS = YES;
				GCC_WARN_64_TO_32_BIT_CONVERSION = YES;
				GCC_WARN_ABOUT_RETURN_TYPE = YES_ERROR;
				GCC_WARN_UNDECLARED_SELECTOR = YES;
				GCC_WARN_UNINITIALIZED_AUTOS = YES_AGGRESSIVE;
				GCC_WARN_UNUSED_FUNCTION = YES;
				GCC_WARN_UNUSED_VARIABLE = YES;
				IPHONEOS_DEPLOYMENT_TARGET = 16.0;
				MTL_ENABLE_DEBUG_INFO = NO;
				MTL_FAST_MATH = YES;
				SDKROOT = iphoneos;
				SWIFT_COMPILATION_MODE = wholemodule;
				SWIFT_OPTIMIZATION_LEVEL = "-O";
				VALIDATE_PRODUCT = YES;
			};
			name = Release;
		};
		2DECDE5D294AE8AD0055DDDC /* Debug */ = {
			isa = XCBuildConfiguration;
			buildSettings = {
				ASSETCATALOG_COMPILER_APPICON_NAME = AppIcon;
				ASSETCATALOG_COMPILER_GLOBAL_ACCENT_COLOR_NAME = AccentColor;
				CODE_SIGN_STYLE = Automatic;
				CURRENT_PROJECT_VERSION = 1;
				DEVELOPMENT_TEAM = P7L7C9MKV4;
				GENERATE_INFOPLIST_FILE = YES;
				INFOPLIST_FILE = "fantasize-ios/Info.plist";
				INFOPLIST_KEY_UIApplicationSupportsIndirectInputEvents = YES;
				INFOPLIST_KEY_UILaunchStoryboardName = LaunchScreen;
				INFOPLIST_KEY_UIMainStoryboardFile = Main;
				INFOPLIST_KEY_UISupportedInterfaceOrientations_iPad = "UIInterfaceOrientationPortrait UIInterfaceOrientationPortraitUpsideDown UIInterfaceOrientationLandscapeLeft UIInterfaceOrientationLandscapeRight";
				INFOPLIST_KEY_UISupportedInterfaceOrientations_iPhone = "UIInterfaceOrientationPortrait UIInterfaceOrientationLandscapeLeft UIInterfaceOrientationLandscapeRight";
				IPHONEOS_DEPLOYMENT_TARGET = 15.0;
				LD_RUNPATH_SEARCH_PATHS = (
					"$(inherited)",
					"@executable_path/Frameworks",
				);
				MARKETING_VERSION = 1.0;
				PRODUCT_BUNDLE_IDENTIFIER = "com.rawipas.fantasize-ios";
				PRODUCT_NAME = "$(TARGET_NAME)";
				SWIFT_EMIT_LOC_STRINGS = YES;
				SWIFT_VERSION = 5.0;
				TARGETED_DEVICE_FAMILY = "1,2";
			};
			name = Debug;
		};
		2DECDE5E294AE8AD0055DDDC /* Release */ = {
			isa = XCBuildConfiguration;
			buildSettings = {
				ASSETCATALOG_COMPILER_APPICON_NAME = AppIcon;
				ASSETCATALOG_COMPILER_GLOBAL_ACCENT_COLOR_NAME = AccentColor;
				CODE_SIGN_STYLE = Automatic;
				CURRENT_PROJECT_VERSION = 1;
				DEVELOPMENT_TEAM = P7L7C9MKV4;
				GENERATE_INFOPLIST_FILE = YES;
				INFOPLIST_FILE = "fantasize-ios/Info.plist";
				INFOPLIST_KEY_UIApplicationSupportsIndirectInputEvents = YES;
				INFOPLIST_KEY_UILaunchStoryboardName = LaunchScreen;
				INFOPLIST_KEY_UIMainStoryboardFile = Main;
				INFOPLIST_KEY_UISupportedInterfaceOrientations_iPad = "UIInterfaceOrientationPortrait UIInterfaceOrientationPortraitUpsideDown UIInterfaceOrientationLandscapeLeft UIInterfaceOrientationLandscapeRight";
				INFOPLIST_KEY_UISupportedInterfaceOrientations_iPhone = "UIInterfaceOrientationPortrait UIInterfaceOrientationLandscapeLeft UIInterfaceOrientationLandscapeRight";
				IPHONEOS_DEPLOYMENT_TARGET = 15.0;
				LD_RUNPATH_SEARCH_PATHS = (
					"$(inherited)",
					"@executable_path/Frameworks",
				);
				MARKETING_VERSION = 1.0;
				PRODUCT_BUNDLE_IDENTIFIER = "com.rawipas.fantasize-ios";
				PRODUCT_NAME = "$(TARGET_NAME)";
				SWIFT_EMIT_LOC_STRINGS = YES;
				SWIFT_VERSION = 5.0;
				TARGETED_DEVICE_FAMILY = "1,2";
			};
			name = Release;
		};
		2DECDE60294AE8AD0055DDDC /* Debug */ = {
			isa = XCBuildConfiguration;
			buildSettings = {
				ALWAYS_EMBED_SWIFT_STANDARD_LIBRARIES = YES;
				BUNDLE_LOADER = "$(TEST_HOST)";
				CODE_SIGN_STYLE = Automatic;
				CURRENT_PROJECT_VERSION = 1;
				DEVELOPMENT_TEAM = P7L7C9MKV4;
				GENERATE_INFOPLIST_FILE = YES;
				IPHONEOS_DEPLOYMENT_TARGET = 16.0;
				MARKETING_VERSION = 1.0;
				PRODUCT_BUNDLE_IDENTIFIER = "com.rawipas.fantasize-iosTests";
				PRODUCT_NAME = "$(TARGET_NAME)";
				SWIFT_EMIT_LOC_STRINGS = NO;
				SWIFT_VERSION = 5.0;
				TARGETED_DEVICE_FAMILY = "1,2";
				TEST_HOST = "$(BUILT_PRODUCTS_DIR)/fantasize-ios.app/$(BUNDLE_EXECUTABLE_FOLDER_PATH)/fantasize-ios";
			};
			name = Debug;
		};
		2DECDE61294AE8AD0055DDDC /* Release */ = {
			isa = XCBuildConfiguration;
			buildSettings = {
				ALWAYS_EMBED_SWIFT_STANDARD_LIBRARIES = YES;
				BUNDLE_LOADER = "$(TEST_HOST)";
				CODE_SIGN_STYLE = Automatic;
				CURRENT_PROJECT_VERSION = 1;
				DEVELOPMENT_TEAM = P7L7C9MKV4;
				GENERATE_INFOPLIST_FILE = YES;
				IPHONEOS_DEPLOYMENT_TARGET = 16.0;
				MARKETING_VERSION = 1.0;
				PRODUCT_BUNDLE_IDENTIFIER = "com.rawipas.fantasize-iosTests";
				PRODUCT_NAME = "$(TARGET_NAME)";
				SWIFT_EMIT_LOC_STRINGS = NO;
				SWIFT_VERSION = 5.0;
				TARGETED_DEVICE_FAMILY = "1,2";
				TEST_HOST = "$(BUILT_PRODUCTS_DIR)/fantasize-ios.app/$(BUNDLE_EXECUTABLE_FOLDER_PATH)/fantasize-ios";
			};
			name = Release;
		};
		2DECDE63294AE8AD0055DDDC /* Debug */ = {
			isa = XCBuildConfiguration;
			buildSettings = {
				ALWAYS_EMBED_SWIFT_STANDARD_LIBRARIES = YES;
				CODE_SIGN_STYLE = Automatic;
				CURRENT_PROJECT_VERSION = 1;
				DEVELOPMENT_TEAM = P7L7C9MKV4;
				GENERATE_INFOPLIST_FILE = YES;
				MARKETING_VERSION = 1.0;
				PRODUCT_BUNDLE_IDENTIFIER = "com.rawipas.fantasize-iosUITests";
				PRODUCT_NAME = "$(TARGET_NAME)";
				SWIFT_EMIT_LOC_STRINGS = NO;
				SWIFT_VERSION = 5.0;
				TARGETED_DEVICE_FAMILY = "1,2";
				TEST_TARGET_NAME = "fantasize-ios";
			};
			name = Debug;
		};
		2DECDE64294AE8AD0055DDDC /* Release */ = {
			isa = XCBuildConfiguration;
			buildSettings = {
				ALWAYS_EMBED_SWIFT_STANDARD_LIBRARIES = YES;
				CODE_SIGN_STYLE = Automatic;
				CURRENT_PROJECT_VERSION = 1;
				DEVELOPMENT_TEAM = P7L7C9MKV4;
				GENERATE_INFOPLIST_FILE = YES;
				MARKETING_VERSION = 1.0;
				PRODUCT_BUNDLE_IDENTIFIER = "com.rawipas.fantasize-iosUITests";
				PRODUCT_NAME = "$(TARGET_NAME)";
				SWIFT_EMIT_LOC_STRINGS = NO;
				SWIFT_VERSION = 5.0;
				TARGETED_DEVICE_FAMILY = "1,2";
				TEST_TARGET_NAME = "fantasize-ios";
			};
			name = Release;
		};
/* End XCBuildConfiguration section */

/* Begin XCConfigurationList section */
		2DECDE2D294AE8AC0055DDDC /* Build configuration list for PBXProject "fantasize-ios" */ = {
			isa = XCConfigurationList;
			buildConfigurations = (
				2DECDE5A294AE8AD0055DDDC /* Debug */,
				2DECDE5B294AE8AD0055DDDC /* Release */,
			);
			defaultConfigurationIsVisible = 0;
			defaultConfigurationName = Release;
		};
		2DECDE5C294AE8AD0055DDDC /* Build configuration list for PBXNativeTarget "fantasize-ios" */ = {
			isa = XCConfigurationList;
			buildConfigurations = (
				2DECDE5D294AE8AD0055DDDC /* Debug */,
				2DECDE5E294AE8AD0055DDDC /* Release */,
			);
			defaultConfigurationIsVisible = 0;
			defaultConfigurationName = Release;
		};
		2DECDE5F294AE8AD0055DDDC /* Build configuration list for PBXNativeTarget "fantasize-iosTests" */ = {
			isa = XCConfigurationList;
			buildConfigurations = (
				2DECDE60294AE8AD0055DDDC /* Debug */,
				2DECDE61294AE8AD0055DDDC /* Release */,
			);
			defaultConfigurationIsVisible = 0;
			defaultConfigurationName = Release;
		};
		2DECDE62294AE8AD0055DDDC /* Build configuration list for PBXNativeTarget "fantasize-iosUITests" */ = {
			isa = XCConfigurationList;
			buildConfigurations = (
				2DECDE63294AE8AD0055DDDC /* Debug */,
				2DECDE64294AE8AD0055DDDC /* Release */,
			);
			defaultConfigurationIsVisible = 0;
			defaultConfigurationName = Release;
		};
/* End XCConfigurationList section */
	};
	rootObject = 2DECDE2A294AE8AC0055DDDC /* Project object */;
}
